
Microsoft Visual Studio Solution File, Format Version 12.00
# Visual Studio Version 16
VisualStudioVersion = 16.0.31727.386
MinimumVisualStudioVersion = 10.0.40219.1
Project("{FAE04EC0-301F-11D3-BF4B-00C04F79EFBC}") = "RigaSchool.iu", "RigaSchool.iu\RigaSchool.iu.csproj", "{10B14203-91DE-4D8D-A8BE-DE75CC639198}"
EndProject
Global
	GlobalSection(SolutionConfigurationPlatforms) = preSolution
		Debug|Any CPU = Debug|Any CPU
		Release|Any CPU = Release|Any CPU
	EndGlobalSection
	GlobalSection(ProjectConfigurationPlatforms) = postSolution
		{10B14203-91DE-4D8D-A8BE-DE75CC639198}.Debug|Any CPU.ActiveCfg = Debug|Any CPU
		{10B14203-91DE-4D8D-A8BE-DE75CC639198}.Debug|Any CPU.Build.0 = Debug|Any CPU
		{10B14203-91DE-4D8D-A8BE-DE75CC639198}.Release|Any CPU.ActiveCfg = Release|Any CPU
		{10B14203-91DE-4D8D-A8BE-DE75CC639198}.Release|Any CPU.Build.0 = Release|Any CPU
	EndGlobalSection
	GlobalSection(SolutionProperties) = preSolution
		HideSolutionNode = FALSE
	EndGlobalSection
	GlobalSection(ExtensibilityGlobals) = postSolution
		SolutionGuid = {CE320EE1-00B1-4990-939E-E16038674545}
	EndGlobalSection
EndGlobal
